
Microsoft Visual Studio Solution File, Format Version 12.00
# Visual Studio Version 16
VisualStudioVersion = 16.0.31424.327
MinimumVisualStudioVersion = 10.0.40219.1
Project("{8BC9CEB8-8B4A-11D0-8D11-00A0C91BC942}") = "TestUACElevation", "TestUACElevation\TestUACElevation.vcxproj", "{8AA84461-8071-4957-9BDC-618532E34AFE}"
EndProject
Global
	GlobalSection(SolutionConfigurationPlatforms) = preSolution
		Debug|x64 = Debug|x64
		Debug|x86 = Debug|x86
		Release|x64 = Release|x64
		Release|x86 = Release|x86
	EndGlobalSection
	GlobalSection(ProjectConfigurationPlatforms) = postSolution
		{8AA84461-8071-4957-9BDC-618532E34AFE}.Debug|x64.ActiveCfg = Debug|x64
		{8AA84461-8071-4957-9BDC-618532E34AFE}.Debug|x64.Build.0 = Debug|x64
		{8AA84461-8071-4957-9BDC-618532E34AFE}.Debug|x86.ActiveCfg = Debug|Win32
		{8AA84461-8071-4957-9BDC-618532E34AFE}.Debug|x86.Build.0 = Debug|Win32
		{8AA84461-8071-4957-9BDC-618532E34AFE}.Release|x64.ActiveCfg = Release|x64
		{8AA84461-8071-4957-9BDC-618532E34AFE}.Release|x64.Build.0 = Release|x64
		{8AA84461-8071-4957-9BDC-618532E34AFE}.Release|x86.ActiveCfg = Release|Win32
		{8AA84461-8071-4957-9BDC-618532E34AFE}.Release|x86.Build.0 = Release|Win32
	EndGlobalSection
	GlobalSection(SolutionProperties) = preSolution
		HideSolutionNode = FALSE
	EndGlobalSection
	GlobalSection(ExtensibilityGlobals) = postSolution
		SolutionGuid = {5ACF7C02-5FCE-4831-9C38-EF959804E7E7}
	EndGlobalSection
EndGlobal
